
Microsoft Visual Studio Solution File, Format Version 12.00
# Visual Studio Version 16
VisualStudioVersion = 16.0.31515.178
MinimumVisualStudioVersion = 10.0.40219.1
Project("{FAE04EC0-301F-11D3-BF4B-00C04F79EFBC}") = "IoT_HTTPServer", "IoT_HTTPServer\IoT_HTTPServer.csproj", "{B1D82C3A-1B24-4D8F-9DD2-F0980A8B33DB}"
EndProject
Global
	GlobalSection(SolutionConfigurationPlatforms) = preSolution
		Debug|Any CPU = Debug|Any CPU
		Release|Any CPU = Release|Any CPU
	EndGlobalSection
	GlobalSection(ProjectConfigurationPlatforms) = postSolution
		{B1D82C3A-1B24-4D8F-9DD2-F0980A8B33DB}.Debug|Any CPU.ActiveCfg = Debug|Any CPU
		{B1D82C3A-1B24-4D8F-9DD2-F0980A8B33DB}.Debug|Any CPU.Build.0 = Debug|Any CPU
		{B1D82C3A-1B24-4D8F-9DD2-F0980A8B33DB}.Release|Any CPU.ActiveCfg = Release|Any CPU
		{B1D82C3A-1B24-4D8F-9DD2-F0980A8B33DB}.Release|Any CPU.Build.0 = Release|Any CPU
	EndGlobalSection
	GlobalSection(SolutionProperties) = preSolution
		HideSolutionNode = FALSE
	EndGlobalSection
	GlobalSection(ExtensibilityGlobals) = postSolution
		SolutionGuid = {04CA5295-0A4F-4108-A77E-E5AEAAAA2083}
	EndGlobalSection
EndGlobal
